{
  "name": "prueba_tecnica",
  "version": "1.0.0",
  "lockfileVersion": 3,
  "requires": true,
  "packages": {
    "": {
      "name": "prueba_tecnica",
      "version": "1.0.0",
      "license": "ISC",
      "dependencies": {
        "lit": "^3.3.0",
        "lit-element": "^4.2.0"
      },
      "devDependencies": {
        "@web/dev-server": "^0.4.6"
      }
    }
  }
}
